// !$*UTF8*$!
{
	archiveVersion = 1;
	classes = {
	};
	objectVersion = 56;
	objects = {

/* Begin PBXBuildFile section */
		39E0C1372BD18F8D00AACD30 /* AppDelegate.swift in Sources */ = {isa = PBXBuildFile; fileRef = 39E0C1362BD18F8D00AACD30 /* AppDelegate.swift */; };
		39E0C1392BD18F8D00AACD30 /* SceneDelegate.swift in Sources */ = {isa = PBXBuildFile; fileRef = 39E0C1382BD18F8D00AACD30 /* SceneDelegate.swift */; };
		39E0C1402BD18F9000AACD30 /* Assets.xcassets in Resources */ = {isa = PBXBuildFile; fileRef = 39E0C13F2BD18F9000AACD30 /* Assets.xcassets */; };
		39E0C1432BD18F9000AACD30 /* Base in Resources */ = {isa = PBXBuildFile; fileRef = 39E0C1422BD18F9000AACD30 /* Base */; };
		39E0C1522BD1904100AACD30 /* exampleAlbum.json in Resources */ = {isa = PBXBuildFile; fileRef = 39E0C1512BD1904100AACD30 /* exampleAlbum.json */; };
		39E0C1582BD190E900AACD30 /* Main.storyboard in Resources */ = {isa = PBXBuildFile; fileRef = 39E0C1562BD190E900AACD30 /* Main.storyboard */; };
		39E0C15A2BD1B08800AACD30 /* AlbumController.swift in Sources */ = {isa = PBXBuildFile; fileRef = 39E0C1592BD1B08800AACD30 /* AlbumController.swift */; };
		39E0C15D2BD1B09800AACD30 /* Album.swift in Sources */ = {isa = PBXBuildFile; fileRef = 39E0C15B2BD1B09800AACD30 /* Album.swift */; };
		39E0C15E2BD1B09800AACD30 /* Song.swift in Sources */ = {isa = PBXBuildFile; fileRef = 39E0C15C2BD1B09800AACD30 /* Song.swift */; };
		39E0C1602BD1B0A800AACD30 /* SongTableViewCell.swift in Sources */ = {isa = PBXBuildFile; fileRef = 39E0C15F2BD1B0A800AACD30 /* SongTableViewCell.swift */; };
		39E0C1632BD1B0B400AACD30 /* AlbumsTableViewController.swift in Sources */ = {isa = PBXBuildFile; fileRef = 39E0C1612BD1B0B400AACD30 /* AlbumsTableViewController.swift */; };
		39E0C1642BD1B0B400AACD30 /* AlbumDetailTableViewController.swift in Sources */ = {isa = PBXBuildFile; fileRef = 39E0C1622BD1B0B400AACD30 /* AlbumDetailTableViewController.swift */; };
/* End PBXBuildFile section */

/* Begin PBXFileReference section */
		39E0C1332BD18F8D00AACD30 /* Albums.app */ = {isa = PBXFileReference; explicitFileType = wrapper.application; includeInIndex = 0; path = Albums.app; sourceTree = BUILT_PRODUCTS_DIR; };
		39E0C1362BD18F8D00AACD30 /* AppDelegate.swift */ = {isa = PBXFileReference; lastKnownFileType = sourcecode.swift; path = AppDelegate.swift; sourceTree = "<group>"; };
		39E0C1382BD18F8D00AACD30 /* SceneDelegate.swift */ = {isa = PBXFileReference; lastKnownFileType = sourcecode.swift; path = SceneDelegate.swift; sourceTree = "<group>"; };
		39E0C13F2BD18F9000AACD30 /* Assets.xcassets */ = {isa = PBXFileReference; lastKnownFileType = folder.assetcatalog; path = Assets.xcassets; sourceTree = "<group>"; };
		39E0C1422BD18F9000AACD30 /* Base */ = {isa = PBXFileReference; lastKnownFileType = file.storyboard; name = Base; path = Base.lproj/LaunchScreen.storyboard; sourceTree = "<group>"; };
		39E0C1442BD18F9000AACD30 /* Info.plist */ = {isa = PBXFileReference; lastKnownFileType = text.plist.xml; path = Info.plist; sourceTree = "<group>"; };
		39E0C1512BD1904100AACD30 /* exampleAlbum.json */ = {isa = PBXFileReference; fileEncoding = 4; lastKnownFileType = text.json; name = exampleAlbum.json; path = ../../exampleAlbum.json; sourceTree = "<group>"; };
		39E0C1572BD190E900AACD30 /* Base */ = {isa = PBXFileReference; lastKnownFileType = file.storyboard; name = Base; path = Base.lproj/Main.storyboard; sourceTree = "<group>"; };
		39E0C1592BD1B08800AACD30 /* AlbumController.swift */ = {isa = PBXFileReference; fileEncoding = 4; lastKnownFileType = sourcecode.swift; path = AlbumController.swift; sourceTree = "<group>"; };
		39E0C15B2BD1B09800AACD30 /* Album.swift */ = {isa = PBXFileReference; fileEncoding = 4; lastKnownFileType = sourcecode.swift; path = Album.swift; sourceTree = "<group>"; };
		39E0C15C2BD1B09800AACD30 /* Song.swift */ = {isa = PBXFileReference; fileEncoding = 4; lastKnownFileType = sourcecode.swift; path = Song.swift; sourceTree = "<group>"; };
		39E0C15F2BD1B0A800AACD30 /* SongTableViewCell.swift */ = {isa = PBXFileReference; fileEncoding = 4; lastKnownFileType = sourcecode.swift; path = SongTableViewCell.swift; sourceTree = "<group>"; };
		39E0C1612BD1B0B400AACD30 /* AlbumsTableViewController.swift */ = {isa = PBXFileReference; fileEncoding = 4; lastKnownFileType = sourcecode.swift; path = AlbumsTableViewController.swift; sourceTree = "<group>"; };
		39E0C1622BD1B0B400AACD30 /* AlbumDetailTableViewController.swift */ = {isa = PBXFileReference; fileEncoding = 4; lastKnownFileType = sourcecode.swift; path = AlbumDetailTableViewController.swift; sourceTree = "<group>"; };
/* End PBXFileReference section */

/* Begin PBXFrameworksBuildPhase section */
		39E0C1302BD18F8D00AACD30 /* Frameworks */ = {
			isa = PBXFrameworksBuildPhase;
			buildActionMask = 2147483647;
			files = (
			);
			runOnlyForDeploymentPostprocessing = 0;
		};
/* End PBXFrameworksBuildPhase section */

/* Begin PBXGroup section */
		39E0C12A2BD18F8D00AACD30 = {
			isa = PBXGroup;
			children = (
				39E0C1352BD18F8D00AACD30 /* Albums */,
				39E0C1342BD18F8D00AACD30 /* Products */,
			);
			sourceTree = "<group>";
		};
		39E0C1342BD18F8D00AACD30 /* Products */ = {
			isa = PBXGroup;
			children = (
				39E0C1332BD18F8D00AACD30 /* Albums.app */,
			);
			name = Products;
			sourceTree = "<group>";
		};
		39E0C1352BD18F8D00AACD30 /* Albums */ = {
			isa = PBXGroup;
			children = (
				39E0C14A2BD18FB900AACD30 /* Application */,
				39E0C14E2BD18FF900AACD30 /* Model Controllers */,
				39E0C14D2BD18FEF00AACD30 /* Models */,
				39E0C14F2BD1900000AACD30 /* Views */,
				39E0C1502BD1900700AACD30 /* ViewControllers */,
				39E0C14C2BD18FE400AACD30 /* Storyboards */,
				39E0C14B2BD18FCB00AACD30 /* Supporting Files */,
			);
			path = Albums;
			sourceTree = "<group>";
		};
		39E0C14A2BD18FB900AACD30 /* Application */ = {
			isa = PBXGroup;
			children = (
				39E0C1362BD18F8D00AACD30 /* AppDelegate.swift */,
				39E0C1382BD18F8D00AACD30 /* SceneDelegate.swift */,
			);
			path = Application;
			sourceTree = "<group>";
		};
		39E0C14B2BD18FCB00AACD30 /* Supporting Files */ = {
			isa = PBXGroup;
			children = (
				39E0C13F2BD18F9000AACD30 /* Assets.xcassets */,
				39E0C1442BD18F9000AACD30 /* Info.plist */,
				39E0C1512BD1904100AACD30 /* exampleAlbum.json */,
			);
			name = "Supporting Files";
			sourceTree = "<group>";
		};
		39E0C14C2BD18FE400AACD30 /* Storyboards */ = {
			isa = PBXGroup;
			children = (
				39E0C1562BD190E900AACD30 /* Main.storyboard */,
				39E0C1412BD18F9000AACD30 /* LaunchScreen.storyboard */,
			);
			path = Storyboards;
			sourceTree = "<group>";
		};
		39E0C14D2BD18FEF00AACD30 /* Models */ = {
			isa = PBXGroup;
			children = (
				39E0C15B2BD1B09800AACD30 /* Album.swift */,
				39E0C15C2BD1B09800AACD30 /* Song.swift */,
			);
			path = Models;
			sourceTree = "<group>";
		};
		39E0C14E2BD18FF900AACD30 /* Model Controllers */ = {
			isa = PBXGroup;
			children = (
				39E0C1592BD1B08800AACD30 /* AlbumController.swift */,
			);
			path = "Model Controllers";
			sourceTree = "<group>";
		};
		39E0C14F2BD1900000AACD30 /* Views */ = {
			isa = PBXGroup;
			children = (
				39E0C15F2BD1B0A800AACD30 /* SongTableViewCell.swift */,
			);
			path = Views;
			sourceTree = "<group>";
		};
		39E0C1502BD1900700AACD30 /* ViewControllers */ = {
			isa = PBXGroup;
			children = (
				39E0C1622BD1B0B400AACD30 /* AlbumDetailTableViewController.swift */,
				39E0C1612BD1B0B400AACD30 /* AlbumsTableViewController.swift */,
			);
			path = ViewControllers;
			sourceTree = "<group>";
		};
/* End PBXGroup section */

/* Begin PBXNativeTarget section */
		39E0C1322BD18F8D00AACD30 /* Albums */ = {
			isa = PBXNativeTarget;
			buildConfigurationList = 39E0C1472BD18F9000AACD30 /* Build configuration list for PBXNativeTarget "Albums" */;
			buildPhases = (
				39E0C12F2BD18F8D00AACD30 /* Sources */,
				39E0C1302BD18F8D00AACD30 /* Frameworks */,
				39E0C1312BD18F8D00AACD30 /* Resources */,
			);
			buildRules = (
			);
			dependencies = (
			);
			name = Albums;
			productName = Albums;
			productReference = 39E0C1332BD18F8D00AACD30 /* Albums.app */;
			productType = "com.apple.product-type.application";
		};
/* End PBXNativeTarget section */

/* Begin PBXProject section */
		39E0C12B2BD18F8D00AACD30 /* Project object */ = {
			isa = PBXProject;
			attributes = {
				BuildIndependentTargetsInParallel = 1;
				LastSwiftUpdateCheck = 1530;
				LastUpgradeCheck = 1530;
				ORGANIZATIONNAME = "Emani Computers and Support, LLC";
				TargetAttributes = {
					39E0C1322BD18F8D00AACD30 = {
						CreatedOnToolsVersion = 15.3;
					};
				};
			};
			buildConfigurationList = 39E0C12E2BD18F8D00AACD30 /* Build configuration list for PBXProject "Albums" */;
			compatibilityVersion = "Xcode 14.0";
			developmentRegion = en;
			hasScannedForEncodings = 0;
			knownRegions = (
				en,
				Base,
			);
			mainGroup = 39E0C12A2BD18F8D00AACD30;
			productRefGroup = 39E0C1342BD18F8D00AACD30 /* Products */;
			projectDirPath = "";
			projectRoot = "";
			targets = (
				39E0C1322BD18F8D00AACD30 /* Albums */,
			);
		};
/* End PBXProject section */

/* Begin PBXResourcesBuildPhase section */
		39E0C1312BD18F8D00AACD30 /* Resources */ = {
			isa = PBXResourcesBuildPhase;
			buildActionMask = 2147483647;
			files = (
				39E0C1402BD18F9000AACD30 /* Assets.xcassets in Resources */,
				39E0C1432BD18F9000AACD30 /* Base in Resources */,
				39E0C1522BD1904100AACD30 /* exampleAlbum.json in Resources */,
				39E0C1582BD190E900AACD30 /* Main.storyboard in Resources */,
			);
			runOnlyForDeploymentPostprocessing = 0;
		};
/* End PBXResourcesBuildPhase section */

/* Begin PBXSourcesBuildPhase section */
		39E0C12F2BD18F8D00AACD30 /* Sources */ = {
			isa = PBXSourcesBuildPhase;
			buildActionMask = 2147483647;
			files = (
				39E0C1632BD1B0B400AACD30 /* AlbumsTableViewController.swift in Sources */,
				39E0C1602BD1B0A800AACD30 /* SongTableViewCell.swift in Sources */,
				39E0C1642BD1B0B400AACD30 /* AlbumDetailTableViewController.swift in Sources */,
				39E0C1372BD18F8D00AACD30 /* AppDelegate.swift in Sources */,
				39E0C15A2BD1B08800AACD30 /* AlbumController.swift in Sources */,
				39E0C1392BD18F8D00AACD30 /* SceneDelegate.swift in Sources */,
				39E0C15D2BD1B09800AACD30 /* Album.swift in Sources */,
				39E0C15E2BD1B09800AACD30 /* Song.swift in Sources */,
			);
			runOnlyForDeploymentPostprocessing = 0;
		};
/* End PBXSourcesBuildPhase section */

/* Begin PBXVariantGroup section */
		39E0C1412BD18F9000AACD30 /* LaunchScreen.storyboard */ = {
			isa = PBXVariantGroup;
			children = (
				39E0C1422BD18F9000AACD30 /* Base */,
			);
			name = LaunchScreen.storyboard;
			sourceTree = "<group>";
		};
		39E0C1562BD190E900AACD30 /* Main.storyboard */ = {
			isa = PBXVariantGroup;
			children = (
				39E0C1572BD190E900AACD30 /* Base */,
			);
			name = Main.storyboard;
			sourceTree = "<group>";
		};
/* End PBXVariantGroup section */

/* Begin XCBuildConfiguration section */
		39E0C1452BD18F9000AACD30 /* Debug */ = {
			isa = XCBuildConfiguration;
			buildSettings = {
				ALWAYS_SEARCH_USER_PATHS = NO;
				ASSETCATALOG_COMPILER_GENERATE_SWIFT_ASSET_SYMBOL_EXTENSIONS = YES;
				CLANG_ANALYZER_NONNULL = YES;
				CLANG_ANALYZER_NUMBER_OBJECT_CONVERSION = YES_AGGRESSIVE;
				CLANG_CXX_LANGUAGE_STANDARD = "gnu++20";
				CLANG_ENABLE_MODULES = YES;
				CLANG_ENABLE_OBJC_ARC = YES;
				CLANG_ENABLE_OBJC_WEAK = YES;
				CLANG_WARN_BLOCK_CAPTURE_AUTORELEASING = YES;
				CLANG_WARN_BOOL_CONVERSION = YES;
				CLANG_WARN_COMMA = YES;
				CLANG_WARN_CONSTANT_CONVERSION = YES;
				CLANG_WARN_DEPRECATED_OBJC_IMPLEMENTATIONS = YES;
				CLANG_WARN_DIRECT_OBJC_ISA_USAGE = YES_ERROR;
				CLANG_WARN_DOCUMENTATION_COMMENTS = YES;
				CLANG_WARN_EMPTY_BODY = YES;
				CLANG_WARN_ENUM_CONVERSION = YES;
				CLANG_WARN_INFINITE_RECURSION = YES;
				CLANG_WARN_INT_CONVERSION = YES;
				CLANG_WARN_NON_LITERAL_NULL_CONVERSION = YES;
				CLANG_WARN_OBJC_IMPLICIT_RETAIN_SELF = YES;
				CLANG_WARN_OBJC_LITERAL_CONVERSION = YES;
				CLANG_WARN_OBJC_ROOT_CLASS = YES_ERROR;
				CLANG_WARN_QUOTED_INCLUDE_IN_FRAMEWORK_HEADER = YES;
				CLANG_WARN_RANGE_LOOP_ANALYSIS = YES;
				CLANG_WARN_STRICT_PROTOTYPES = YES;
				CLANG_WARN_SUSPICIOUS_MOVE = YES;
				CLANG_WARN_UNGUARDED_AVAILABILITY = YES_AGGRESSIVE;
				CLANG_WARN_UNREACHABLE_CODE = YES;
				CLANG_WARN__DUPLICATE_METHOD_MATCH = YES;
				COPY_PHASE_STRIP = NO;
				DEBUG_INFORMATION_FORMAT = dwarf;
				ENABLE_STRICT_OBJC_MSGSEND = YES;
				ENABLE_TESTABILITY = YES;
				ENABLE_USER_SCRIPT_SANDBOXING = YES;
				GCC_C_LANGUAGE_STANDARD = gnu17;
				GCC_DYNAMIC_NO_PIC = NO;
				GCC_NO_COMMON_BLOCKS = YES;
				GCC_OPTIMIZATION_LEVEL = 0;
				GCC_PREPROCESSOR_DEFINITIONS = (
					"DEBUG=1",
					"$(inherited)",
				);
				GCC_WARN_64_TO_32_BIT_CONVERSION = YES;
				GCC_WARN_ABOUT_RETURN_TYPE = YES_ERROR;
				GCC_WARN_UNDECLARED_SELECTOR = YES;
				GCC_WARN_UNINITIALIZED_AUTOS = YES_AGGRESSIVE;
				GCC_WARN_UNUSED_FUNCTION = YES;
				GCC_WARN_UNUSED_VARIABLE = YES;
				IPHONEOS_DEPLOYMENT_TARGET = 17.4;
				LOCALIZATION_PREFERS_STRING_CATALOGS = YES;
				MTL_ENABLE_DEBUG_INFO = INCLUDE_SOURCE;
				MTL_FAST_MATH = YES;
				ONLY_ACTIVE_ARCH = YES;
				SDKROOT = iphoneos;
				SWIFT_ACTIVE_COMPILATION_CONDITIONS = "DEBUG $(inherited)";
				SWIFT_OPTIMIZATION_LEVEL = "-Onone";
			};
			name = Debug;
		};
		39E0C1462BD18F9000AACD30 /* Release */ = {
			isa = XCBuildConfiguration;
			buildSettings = {
				ALWAYS_SEARCH_USER_PATHS = NO;
				ASSETCATALOG_COMPILER_GENERATE_SWIFT_ASSET_SYMBOL_EXTENSIONS = YES;
				CLANG_ANALYZER_NONNULL = YES;
				CLANG_ANALYZER_NUMBER_OBJECT_CONVERSION = YES_AGGRESSIVE;
				CLANG_CXX_LANGUAGE_STANDARD = "gnu++20";
				CLANG_ENABLE_MODULES = YES;
				CLANG_ENABLE_OBJC_ARC = YES;
				CLANG_ENABLE_OBJC_WEAK = YES;
				CLANG_WARN_BLOCK_CAPTURE_AUTORELEASING = YES;
				CLANG_WARN_BOOL_CONVERSION = YES;
				CLANG_WARN_COMMA = YES;
				CLANG_WARN_CONSTANT_CONVERSION = YES;
				CLANG_WARN_DEPRECATED_OBJC_IMPLEMENTATIONS = YES;
				CLANG_WARN_DIRECT_OBJC_ISA_USAGE = YES_ERROR;
				CLANG_WARN_DOCUMENTATION_COMMENTS = YES;
				CLANG_WARN_EMPTY_BODY = YES;
				CLANG_WARN_ENUM_CONVERSION = YES;
				CLANG_WARN_INFINITE_RECURSION = YES;
				CLANG_WARN_INT_CONVERSION = YES;
				CLANG_WARN_NON_LITERAL_NULL_CONVERSION = YES;
				CLANG_WARN_OBJC_IMPLICIT_RETAIN_SELF = YES;
				CLANG_WARN_OBJC_LITERAL_CONVERSION = YES;
				CLANG_WARN_OBJC_ROOT_CLASS = YES_ERROR;
				CLANG_WARN_QUOTED_INCLUDE_IN_FRAMEWORK_HEADER = YES;
				CLANG_WARN_RANGE_LOOP_ANALYSIS = YES;
				CLANG_WARN_STRICT_PROTOTYPES = YES;
				CLANG_WARN_SUSPICIOUS_MOVE = YES;
				CLANG_WARN_UNGUARDED_AVAILABILITY = YES_AGGRESSIVE;
				CLANG_WARN_UNREACHABLE_CODE = YES;
				CLANG_WARN__DUPLICATE_METHOD_MATCH = YES;
				COPY_PHASE_STRIP = NO;
				DEBUG_INFORMATION_FORMAT = "dwarf-with-dsym";
				ENABLE_NS_ASSERTIONS = NO;
				ENABLE_STRICT_OBJC_MSGSEND = YES;
				ENABLE_USER_SCRIPT_SANDBOXING = YES;
				GCC_C_LANGUAGE_STANDARD = gnu17;
				GCC_NO_COMMON_BLOCKS = YES;
				GCC_WARN_64_TO_32_BIT_CONVERSION = YES;
				GCC_WARN_ABOUT_RETURN_TYPE = YES_ERROR;
				GCC_WARN_UNDECLARED_SELECTOR = YES;
				GCC_WARN_UNINITIALIZED_AUTOS = YES_AGGRESSIVE;
				GCC_WARN_UNUSED_FUNCTION = YES;
				GCC_WARN_UNUSED_VARIABLE = YES;
				IPHONEOS_DEPLOYMENT_TARGET = 17.4;
				LOCALIZATION_PREFERS_STRING_CATALOGS = YES;
				MTL_ENABLE_DEBUG_INFO = NO;
				MTL_FAST_MATH = YES;
				SDKROOT = iphoneos;
				SWIFT_COMPILATION_MODE = wholemodule;
				VALIDATE_PRODUCT = YES;
			};
			name = Release;
		};
		39E0C1482BD18F9000AACD30 /* Debug */ = {
			isa = XCBuildConfiguration;
			buildSettings = {
				ASSETCATALOG_COMPILER_APPICON_NAME = AppIcon;
				ASSETCATALOG_COMPILER_GLOBAL_ACCENT_COLOR_NAME = AccentColor;
				CODE_SIGN_STYLE = Automatic;
				CURRENT_PROJECT_VERSION = 1;
				DEVELOPMENT_TEAM = 59UTM5MEK9;
				GENERATE_INFOPLIST_FILE = YES;
				INFOPLIST_FILE = Albums/Info.plist;
				INFOPLIST_KEY_CFBundleDisplayName = Albums;
				INFOPLIST_KEY_UIApplicationSupportsIndirectInputEvents = YES;
				INFOPLIST_KEY_UILaunchStoryboardName = LaunchScreen;
				INFOPLIST_KEY_UIMainStoryboardFile = Main;
				INFOPLIST_KEY_UISupportedInterfaceOrientations_iPad = "UIInterfaceOrientationPortrait UIInterfaceOrientationPortraitUpsideDown UIInterfaceOrientationLandscapeLeft UIInterfaceOrientationLandscapeRight";
				INFOPLIST_KEY_UISupportedInterfaceOrientations_iPhone = "UIInterfaceOrientationPortrait UIInterfaceOrientationLandscapeLeft UIInterfaceOrientationLandscapeRight";
				LD_RUNPATH_SEARCH_PATHS = (
					"$(inherited)",
					"@executable_path/Frameworks",
				);
				MARKETING_VERSION = 1.0;
				PRODUCT_BUNDLE_IDENTIFIER = com.emanicomputers.Albums;
				PRODUCT_NAME = "$(TARGET_NAME)";
				SUPPORTED_PLATFORMS = "iphoneos iphonesimulator";
				SUPPORTS_MACCATALYST = NO;
				SUPPORTS_MAC_DESIGNED_FOR_IPHONE_IPAD = NO;
				SUPPORTS_XR_DESIGNED_FOR_IPHONE_IPAD = NO;
				SWIFT_EMIT_LOC_STRINGS = YES;
				SWIFT_VERSION = 5.0;
				TARGETED_DEVICE_FAMILY = "1,2";
			};
			name = Debug;
		};
		39E0C1492BD18F9000AACD30 /* Release */ = {
			isa = XCBuildConfiguration;
			buildSettings = {
				ASSETCATALOG_COMPILER_APPICON_NAME = AppIcon;
				ASSETCATALOG_COMPILER_GLOBAL_ACCENT_COLOR_NAME = AccentColor;
				CODE_SIGN_STYLE = Automatic;
				CURRENT_PROJECT_VERSION = 1;
				DEVELOPMENT_TEAM = 59UTM5MEK9;
				GENERATE_INFOPLIST_FILE = YES;
				INFOPLIST_FILE = Albums/Info.plist;
				INFOPLIST_KEY_CFBundleDisplayName = Albums;
				INFOPLIST_KEY_UIApplicationSupportsIndirectInputEvents = YES;
				INFOPLIST_KEY_UILaunchStoryboardName = LaunchScreen;
				INFOPLIST_KEY_UIMainStoryboardFile = Main;
				INFOPLIST_KEY_UISupportedInterfaceOrientations_iPad = "UIInterfaceOrientationPortrait UIInterfaceOrientationPortraitUpsideDown UIInterfaceOrientationLandscapeLeft UIInterfaceOrientationLandscapeRight";
				INFOPLIST_KEY_UISupportedInterfaceOrientations_iPhone = "UIInterfaceOrientationPortrait UIInterfaceOrientationLandscapeLeft UIInterfaceOrientationLandscapeRight";
				LD_RUNPATH_SEARCH_PATHS = (
					"$(inherited)",
					"@executable_path/Frameworks",
				);
				MARKETING_VERSION = 1.0;
				PRODUCT_BUNDLE_IDENTIFIER = com.emanicomputers.Albums;
				PRODUCT_NAME = "$(TARGET_NAME)";
				SUPPORTED_PLATFORMS = "iphoneos iphonesimulator";
				SUPPORTS_MACCATALYST = NO;
				SUPPORTS_MAC_DESIGNED_FOR_IPHONE_IPAD = NO;
				SUPPORTS_XR_DESIGNED_FOR_IPHONE_IPAD = NO;
				SWIFT_EMIT_LOC_STRINGS = YES;
				SWIFT_VERSION = 5.0;
				TARGETED_DEVICE_FAMILY = "1,2";
			};
			name = Release;
		};
/* End XCBuildConfiguration section */

/* Begin XCConfigurationList section */
		39E0C12E2BD18F8D00AACD30 /* Build configuration list for PBXProject "Albums" */ = {
			isa = XCConfigurationList;
			buildConfigurations = (
				39E0C1452BD18F9000AACD30 /* Debug */,
				39E0C1462BD18F9000AACD30 /* Release */,
			);
			defaultConfigurationIsVisible = 0;
			defaultConfigurationName = Release;
		};
		39E0C1472BD18F9000AACD30 /* Build configuration list for PBXNativeTarget "Albums" */ = {
			isa = XCConfigurationList;
			buildConfigurations = (
				39E0C1482BD18F9000AACD30 /* Debug */,
				39E0C1492BD18F9000AACD30 /* Release */,
			);
			defaultConfigurationIsVisible = 0;
			defaultConfigurationName = Release;
		};
/* End XCConfigurationList section */
	};
	rootObject = 39E0C12B2BD18F8D00AACD30 /* Project object */;
}
